
Microsoft Visual Studio Solution File, Format Version 12.00
# Visual Studio 15
VisualStudioVersion = 15.0.27004.2009
MinimumVisualStudioVersion = 10.0.40219.1
Project("{FAE04EC0-301F-11D3-BF4B-00C04F79EFBC}") = "Signature.Android", "Signature\Signature.Android\Signature.Android.csproj", "{F419DF87-1DCE-471B-9D90-11776507B6B2}"
EndProject
Project("{FAE04EC0-301F-11D3-BF4B-00C04F79EFBC}") = "Signature", "Signature\Signature\Signature.csproj", "{844BCCAE-0F05-4D93-AED9-A5C74AC63F83}"
EndProject
Project("{FAE04EC0-301F-11D3-BF4B-00C04F79EFBC}") = "Signature.iOS", "Signature\Signature.iOS\Signature.iOS.csproj", "{A7171A08-445B-40A4-8EA5-DC6AFF524073}"
EndProject
Global
	GlobalSection(SolutionConfigurationPlatforms) = preSolution
		Ad-Hoc|Any CPU = Ad-Hoc|Any CPU
		Ad-Hoc|iPhone = Ad-Hoc|iPhone
		Ad-Hoc|iPhoneSimulator = Ad-Hoc|iPhoneSimulator
		AppStore|Any CPU = AppStore|Any CPU
		AppStore|iPhone = AppStore|iPhone
		AppStore|iPhoneSimulator = AppStore|iPhoneSimulator
		Debug|Any CPU = Debug|Any CPU
		Debug|iPhone = Debug|iPhone
		Debug|iPhoneSimulator = Debug|iPhoneSimulator
		Release|Any CPU = Release|Any CPU
		Release|iPhone = Release|iPhone
		Release|iPhoneSimulator = Release|iPhoneSimulator
	EndGlobalSection
	GlobalSection(ProjectConfigurationPlatforms) = postSolution
		{F419DF87-1DCE-471B-9D90-11776507B6B2}.Ad-Hoc|Any CPU.ActiveCfg = Release|Any CPU
		{F419DF87-1DCE-471B-9D90-11776507B6B2}.Ad-Hoc|Any CPU.Build.0 = Release|Any CPU
		{F419DF87-1DCE-471B-9D90-11776507B6B2}.Ad-Hoc|Any CPU.Deploy.0 = Release|Any CPU
		{F419DF87-1DCE-471B-9D90-11776507B6B2}.Ad-Hoc|iPhone.ActiveCfg = Release|Any CPU
		{F419DF87-1DCE-471B-9D90-11776507B6B2}.Ad-Hoc|iPhone.Build.0 = Release|Any CPU
		{F419DF87-1DCE-471B-9D90-11776507B6B2}.Ad-Hoc|iPhone.Deploy.0 = Release|Any CPU
		{F419DF87-1DCE-471B-9D90-11776507B6B2}.Ad-Hoc|iPhoneSimulator.ActiveCfg = Release|Any CPU
		{F419DF87-1DCE-471B-9D90-11776507B6B2}.Ad-Hoc|iPhoneSimulator.Build.0 = Release|Any CPU
		{F419DF87-1DCE-471B-9D90-11776507B6B2}.Ad-Hoc|iPhoneSimulator.Deploy.0 = Release|Any CPU
		{F419DF87-1DCE-471B-9D90-11776507B6B2}.AppStore|Any CPU.ActiveCfg = Release|Any CPU
		{F419DF87-1DCE-471B-9D90-11776507B6B2}.AppStore|Any CPU.Build.0 = Release|Any CPU
		{F419DF87-1DCE-471B-9D90-11776507B6B2}.AppStore|Any CPU.Deploy.0 = Release|Any CPU
		{F419DF87-1DCE-471B-9D90-11776507B6B2}.AppStore|iPhone.ActiveCfg = Release|Any CPU
		{F419DF87-1DCE-471B-9D90-11776507B6B2}.AppStore|iPhone.Build.0 = Release|Any CPU
		{F419DF87-1DCE-471B-9D90-11776507B6B2}.AppStore|iPhone.Deploy.0 = Release|Any CPU
		{F419DF87-1DCE-471B-9D90-11776507B6B2}.AppStore|iPhoneSimulator.ActiveCfg = Release|Any CPU
		{F419DF87-1DCE-471B-9D90-11776507B6B2}.AppStore|iPhoneSimulator.Build.0 = Release|Any CPU
		{F419DF87-1DCE-471B-9D90-11776507B6B2}.AppStore|iPhoneSimulator.Deploy.0 = Release|Any CPU
		{F419DF87-1DCE-471B-9D90-11776507B6B2}.Debug|Any CPU.ActiveCfg = Debug|Any CPU
		{F419DF87-1DCE-471B-9D90-11776507B6B2}.Debug|Any CPU.Build.0 = Debug|Any CPU
		{F419DF87-1DCE-471B-9D90-11776507B6B2}.Debug|Any CPU.Deploy.0 = Debug|Any CPU
		{F419DF87-1DCE-471B-9D90-11776507B6B2}.Debug|iPhone.ActiveCfg = Debug|Any CPU
		{F419DF87-1DCE-471B-9D90-11776507B6B2}.Debug|iPhone.Build.0 = Debug|Any CPU
		{F419DF87-1DCE-471B-9D90-11776507B6B2}.Debug|iPhone.Deploy.0 = Debug|Any CPU
		{F419DF87-1DCE-471B-9D90-11776507B6B2}.Debug|iPhoneSimulator.ActiveCfg = Debug|Any CPU
		{F419DF87-1DCE-471B-9D90-11776507B6B2}.Debug|iPhoneSimulator.Build.0 = Debug|Any CPU
		{F419DF87-1DCE-471B-9D90-11776507B6B2}.Debug|iPhoneSimulator.Deploy.0 = Debug|Any CPU
		{F419DF87-1DCE-471B-9D90-11776507B6B2}.Release|Any CPU.ActiveCfg = Release|Any CPU
		{F419DF87-1DCE-471B-9D90-11776507B6B2}.Release|Any CPU.Build.0 = Release|Any CPU
		{F419DF87-1DCE-471B-9D90-11776507B6B2}.Release|Any CPU.Deploy.0 = Release|Any CPU
		{F419DF87-1DCE-471B-9D90-11776507B6B2}.Release|iPhone.ActiveCfg = Release|Any CPU
		{F419DF87-1DCE-471B-9D90-11776507B6B2}.Release|iPhone.Build.0 = Release|Any CPU
		{F419DF87-1DCE-471B-9D90-11776507B6B2}.Release|iPhone.Deploy.0 = Release|Any CPU
		{F419DF87-1DCE-471B-9D90-11776507B6B2}.Release|iPhoneSimulator.ActiveCfg = Release|Any CPU
		{F419DF87-1DCE-471B-9D90-11776507B6B2}.Release|iPhoneSimulator.Build.0 = Release|Any CPU
		{F419DF87-1DCE-471B-9D90-11776507B6B2}.Release|iPhoneSimulator.Deploy.0 = Release|Any CPU
		{844BCCAE-0F05-4D93-AED9-A5C74AC63F83}.Ad-Hoc|Any CPU.ActiveCfg = Release|Any CPU
		{844BCCAE-0F05-4D93-AED9-A5C74AC63F83}.Ad-Hoc|Any CPU.Build.0 = Release|Any CPU
		{844BCCAE-0F05-4D93-AED9-A5C74AC63F83}.Ad-Hoc|iPhone.ActiveCfg = Release|Any CPU
		{844BCCAE-0F05-4D93-AED9-A5C74AC63F83}.Ad-Hoc|iPhone.Build.0 = Release|Any CPU
		{844BCCAE-0F05-4D93-AED9-A5C74AC63F83}.Ad-Hoc|iPhoneSimulator.ActiveCfg = Release|Any CPU
		{844BCCAE-0F05-4D93-AED9-A5C74AC63F83}.Ad-Hoc|iPhoneSimulator.Build.0 = Release|Any CPU
		{844BCCAE-0F05-4D93-AED9-A5C74AC63F83}.AppStore|Any CPU.ActiveCfg = Release|Any CPU
		{844BCCAE-0F05-4D93-AED9-A5C74AC63F83}.AppStore|Any CPU.Build.0 = Release|Any CPU
		{844BCCAE-0F05-4D93-AED9-A5C74AC63F83}.AppStore|iPhone.ActiveCfg = Release|Any CPU
		{844BCCAE-0F05-4D93-AED9-A5C74AC63F83}.AppStore|iPhone.Build.0 = Release|Any CPU
		{844BCCAE-0F05-4D93-AED9-A5C74AC63F83}.AppStore|iPhoneSimulator.ActiveCfg = Release|Any CPU
		{844BCCAE-0F05-4D93-AED9-A5C74AC63F83}.AppStore|iPhoneSimulator.Build.0 = Release|Any CPU
		{844BCCAE-0F05-4D93-AED9-A5C74AC63F83}.Debug|Any CPU.ActiveCfg = Debug|Any CPU
		{844BCCAE-0F05-4D93-AED9-A5C74AC63F83}.Debug|Any CPU.Build.0 = Debug|Any CPU
		{844BCCAE-0F05-4D93-AED9-A5C74AC63F83}.Debug|iPhone.ActiveCfg = Debug|Any CPU
		{844BCCAE-0F05-4D93-AED9-A5C74AC63F83}.Debug|iPhone.Build.0 = Debug|Any CPU
		{844BCCAE-0F05-4D93-AED9-A5C74AC63F83}.Debug|iPhoneSimulator.ActiveCfg = Debug|Any CPU
		{844BCCAE-0F05-4D93-AED9-A5C74AC63F83}.Debug|iPhoneSimulator.Build.0 = Debug|Any CPU
		{844BCCAE-0F05-4D93-AED9-A5C74AC63F83}.Release|Any CPU.ActiveCfg = Release|Any CPU
		{844BCCAE-0F05-4D93-AED9-A5C74AC63F83}.Release|Any CPU.Build.0 = Release|Any CPU
		{844BCCAE-0F05-4D93-AED9-A5C74AC63F83}.Release|iPhone.ActiveCfg = Release|Any CPU
		{844BCCAE-0F05-4D93-AED9-A5C74AC63F83}.Release|iPhone.Build.0 = Release|Any CPU
		{844BCCAE-0F05-4D93-AED9-A5C74AC63F83}.Release|iPhoneSimulator.ActiveCfg = Release|Any CPU
		{844BCCAE-0F05-4D93-AED9-A5C74AC63F83}.Release|iPhoneSimulator.Build.0 = Release|Any CPU
		{A7171A08-445B-40A4-8EA5-DC6AFF524073}.Ad-Hoc|Any CPU.ActiveCfg = Ad-Hoc|iPhoneSimulator
		{A7171A08-445B-40A4-8EA5-DC6AFF524073}.Ad-Hoc|iPhone.ActiveCfg = Ad-Hoc|iPhone
		{A7171A08-445B-40A4-8EA5-DC6AFF524073}.Ad-Hoc|iPhone.Build.0 = Ad-Hoc|iPhone
		{A7171A08-445B-40A4-8EA5-DC6AFF524073}.Ad-Hoc|iPhoneSimulator.ActiveCfg = Ad-Hoc|iPhoneSimulator
		{A7171A08-445B-40A4-8EA5-DC6AFF524073}.Ad-Hoc|iPhoneSimulator.Build.0 = Ad-Hoc|iPhoneSimulator
		{A7171A08-445B-40A4-8EA5-DC6AFF524073}.AppStore|Any CPU.ActiveCfg = AppStore|iPhoneSimulator
		{A7171A08-445B-40A4-8EA5-DC6AFF524073}.AppStore|iPhone.ActiveCfg = AppStore|iPhone
		{A7171A08-445B-40A4-8EA5-DC6AFF524073}.AppStore|iPhone.Build.0 = AppStore|iPhone
		{A7171A08-445B-40A4-8EA5-DC6AFF524073}.AppStore|iPhoneSimulator.ActiveCfg = AppStore|iPhoneSimulator
		{A7171A08-445B-40A4-8EA5-DC6AFF524073}.AppStore|iPhoneSimulator.Build.0 = AppStore|iPhoneSimulator
		{A7171A08-445B-40A4-8EA5-DC6AFF524073}.Debug|Any CPU.ActiveCfg = Debug|iPhoneSimulator
		{A7171A08-445B-40A4-8EA5-DC6AFF524073}.Debug|iPhone.ActiveCfg = Debug|iPhone
		{A7171A08-445B-40A4-8EA5-DC6AFF524073}.Debug|iPhone.Build.0 = Debug|iPhone
		{A7171A08-445B-40A4-8EA5-DC6AFF524073}.Debug|iPhoneSimulator.ActiveCfg = Debug|iPhoneSimulator
		{A7171A08-445B-40A4-8EA5-DC6AFF524073}.Debug|iPhoneSimulator.Build.0 = Debug|iPhoneSimulator
		{A7171A08-445B-40A4-8EA5-DC6AFF524073}.Release|Any CPU.ActiveCfg = Release|iPhoneSimulator
		{A7171A08-445B-40A4-8EA5-DC6AFF524073}.Release|iPhone.ActiveCfg = Release|iPhone
		{A7171A08-445B-40A4-8EA5-DC6AFF524073}.Release|iPhone.Build.0 = Release|iPhone
		{A7171A08-445B-40A4-8EA5-DC6AFF524073}.Release|iPhoneSimulator.ActiveCfg = Release|iPhoneSimulator
		{A7171A08-445B-40A4-8EA5-DC6AFF524073}.Release|iPhoneSimulator.Build.0 = Release|iPhoneSimulator
	EndGlobalSection
	GlobalSection(SolutionProperties) = preSolution
		HideSolutionNode = FALSE
	EndGlobalSection
	GlobalSection(ExtensibilityGlobals) = postSolution
		SolutionGuid = {FC83472F-8281-4950-88C4-AECFE2229D82}
	EndGlobalSection
EndGlobal
